
Microsoft Visual Studio Solution File, Format Version 12.00
# Visual Studio Version 17
VisualStudioVersion = 17.1.32228.430
MinimumVisualStudioVersion = 10.0.40219.1
Project("{FAE04EC0-301F-11D3-BF4B-00C04F79EFBC}") = "WalkabilityMetrics", "WalkabilityMetrics\WalkabilityMetrics.csproj", "{36B4F09A-DC11-4A92-A16D-B239B2DE1214}"
EndProject
Global
	GlobalSection(SolutionConfigurationPlatforms) = preSolution
		Debug|Any CPU = Debug|Any CPU
		Release|Any CPU = Release|Any CPU
	EndGlobalSection
	GlobalSection(ProjectConfigurationPlatforms) = postSolution
		{36B4F09A-DC11-4A92-A16D-B239B2DE1214}.Debug|Any CPU.ActiveCfg = Debug|Any CPU
		{36B4F09A-DC11-4A92-A16D-B239B2DE1214}.Debug|Any CPU.Build.0 = Debug|Any CPU
		{36B4F09A-DC11-4A92-A16D-B239B2DE1214}.Release|Any CPU.ActiveCfg = Release|Any CPU
		{36B4F09A-DC11-4A92-A16D-B239B2DE1214}.Release|Any CPU.Build.0 = Release|Any CPU
	EndGlobalSection
	GlobalSection(SolutionProperties) = preSolution
		HideSolutionNode = FALSE
	EndGlobalSection
	GlobalSection(ExtensibilityGlobals) = postSolution
		SolutionGuid = {7E8FDB1F-FFE2-49E4-B91B-F89BBA4C5429}
	EndGlobalSection
EndGlobal
